
Microsoft Visual Studio Solution File, Format Version 12.00
# Visual Studio Version 16
VisualStudioVersion = 16.0.30204.135
MinimumVisualStudioVersion = 10.0.40219.1
Project("{FAE04EC0-301F-11D3-BF4B-00C04F79EFBC}") = "D1Corrections", "D1Corrections\D1Corrections.csproj", "{A89D8A36-E561-48A6-BCDF-6B90810DE8EC}"
EndProject
Global
	GlobalSection(SolutionConfigurationPlatforms) = preSolution
		Debug|Any CPU = Debug|Any CPU
		Release|Any CPU = Release|Any CPU
	EndGlobalSection
	GlobalSection(ProjectConfigurationPlatforms) = postSolution
		{A89D8A36-E561-48A6-BCDF-6B90810DE8EC}.Debug|Any CPU.ActiveCfg = Debug|Any CPU
		{A89D8A36-E561-48A6-BCDF-6B90810DE8EC}.Debug|Any CPU.Build.0 = Debug|Any CPU
		{A89D8A36-E561-48A6-BCDF-6B90810DE8EC}.Release|Any CPU.ActiveCfg = Release|Any CPU
		{A89D8A36-E561-48A6-BCDF-6B90810DE8EC}.Release|Any CPU.Build.0 = Release|Any CPU
	EndGlobalSection
	GlobalSection(SolutionProperties) = preSolution
		HideSolutionNode = FALSE
	EndGlobalSection
	GlobalSection(ExtensibilityGlobals) = postSolution
		SolutionGuid = {2BCD05B3-F28B-403B-99BF-73C3DB66A8E0}
	EndGlobalSection
EndGlobal
